
Microsoft Visual Studio Solution File, Format Version 12.00
# Visual Studio 15
VisualStudioVersion = 15.0.28307.1300
MinimumVisualStudioVersion = 10.0.40219.1
Project("{8BC9CEB8-8B4A-11D0-8D11-00A0C91BC942}") = "Laba_6_final_boss", "Laba_6_final_boss\Laba_6_final_boss.vcxproj", "{5420F7B2-D623-4C65-B47A-565F4F528A57}"
EndProject
Global
	GlobalSection(SolutionConfigurationPlatforms) = preSolution
		Debug|x64 = Debug|x64
		Debug|x86 = Debug|x86
		Release|x64 = Release|x64
		Release|x86 = Release|x86
	EndGlobalSection
	GlobalSection(ProjectConfigurationPlatforms) = postSolution
		{5420F7B2-D623-4C65-B47A-565F4F528A57}.Debug|x64.ActiveCfg = Debug|x64
		{5420F7B2-D623-4C65-B47A-565F4F528A57}.Debug|x64.Build.0 = Debug|x64
		{5420F7B2-D623-4C65-B47A-565F4F528A57}.Debug|x86.ActiveCfg = Debug|Win32
		{5420F7B2-D623-4C65-B47A-565F4F528A57}.Debug|x86.Build.0 = Debug|Win32
		{5420F7B2-D623-4C65-B47A-565F4F528A57}.Release|x64.ActiveCfg = Release|x64
		{5420F7B2-D623-4C65-B47A-565F4F528A57}.Release|x64.Build.0 = Release|x64
		{5420F7B2-D623-4C65-B47A-565F4F528A57}.Release|x86.ActiveCfg = Release|Win32
		{5420F7B2-D623-4C65-B47A-565F4F528A57}.Release|x86.Build.0 = Release|Win32
	EndGlobalSection
	GlobalSection(SolutionProperties) = preSolution
		HideSolutionNode = FALSE
	EndGlobalSection
	GlobalSection(ExtensibilityGlobals) = postSolution
		SolutionGuid = {3A430402-154D-479F-82A1-9AC0C17133BD}
	EndGlobalSection
EndGlobal
